// !$*UTF8*$!
{
	archiveVersion = 1;
	classes = {
	};
	objectVersion = 46;
	objects = {

/* Begin PBXBuildFile section */
		5B373BD81BDDC83100A055E0 /* MASCompositeConstraint.m in Sources */ = {isa = PBXBuildFile; fileRef = 5B373BC01BDDC83100A055E0 /* MASCompositeConstraint.m */; };
		5B373BD91BDDC83100A055E0 /* MASConstraint.m in Sources */ = {isa = PBXBuildFile; fileRef = 5B373BC31BDDC83100A055E0 /* MASConstraint.m */; };
		5B373BDA1BDDC83100A055E0 /* MASConstraintMaker.m in Sources */ = {isa = PBXBuildFile; fileRef = 5B373BC51BDDC83100A055E0 /* MASConstraintMaker.m */; };
		5B373BDB1BDDC83100A055E0 /* MASLayoutConstraint.m in Sources */ = {isa = PBXBuildFile; fileRef = 5B373BC71BDDC83100A055E0 /* MASLayoutConstraint.m */; };
		5B373BDC1BDDC83100A055E0 /* MASViewAttribute.m in Sources */ = {isa = PBXBuildFile; fileRef = 5B373BCB1BDDC83100A055E0 /* MASViewAttribute.m */; };
		5B373BDD1BDDC83100A055E0 /* MASViewConstraint.m in Sources */ = {isa = PBXBuildFile; fileRef = 5B373BCD1BDDC83100A055E0 /* MASViewConstraint.m */; };
		5B373BDE1BDDC83100A055E0 /* NSArray+MASAdditions.m in Sources */ = {isa = PBXBuildFile; fileRef = 5B373BCF1BDDC83100A055E0 /* NSArray+MASAdditions.m */; };
		5B373BDF1BDDC83100A055E0 /* NSLayoutConstraint+MASDebugAdditions.m in Sources */ = {isa = PBXBuildFile; fileRef = 5B373BD21BDDC83100A055E0 /* NSLayoutConstraint+MASDebugAdditions.m */; };
		5B373BE01BDDC83100A055E0 /* View+MASAdditions.m in Sources */ = {isa = PBXBuildFile; fileRef = 5B373BD41BDDC83100A055E0 /* View+MASAdditions.m */; };
		5B373BE11BDDC83100A055E0 /* ViewController+MASAdditions.m in Sources */ = {isa = PBXBuildFile; fileRef = 5B373BD71BDDC83100A055E0 /* ViewController+MASAdditions.m */; };
		5B373BE91BDDC8DF00A055E0 /* tagTapIcon@2x.png in Resources */ = {isa = PBXBuildFile; fileRef = 5B373BE31BDDC8DF00A055E0 /* tagTapIcon@2x.png */; };
		5B373BEA1BDDC8DF00A055E0 /* tagTapIcon@3x.png in Resources */ = {isa = PBXBuildFile; fileRef = 5B373BE41BDDC8DF00A055E0 /* tagTapIcon@3x.png */; };
		5B373BEB1BDDC8DF00A055E0 /* textTag@2x.png in Resources */ = {isa = PBXBuildFile; fileRef = 5B373BE51BDDC8DF00A055E0 /* textTag@2x.png */; };
		5B373BEC1BDDC8DF00A055E0 /* textTag@3x.png in Resources */ = {isa = PBXBuildFile; fileRef = 5B373BE61BDDC8DF00A055E0 /* textTag@3x.png */; };
		5B373BED1BDDC8DF00A055E0 /* textTagAnti@2x.png in Resources */ = {isa = PBXBuildFile; fileRef = 5B373BE71BDDC8DF00A055E0 /* textTagAnti@2x.png */; };
		5B373BEE1BDDC8DF00A055E0 /* textTagAnti@3x.png in Resources */ = {isa = PBXBuildFile; fileRef = 5B373BE81BDDC8DF00A055E0 /* textTagAnti@3x.png */; };
		5B373BF21BDDC91600A055E0 /* 2.plist in Resources */ = {isa = PBXBuildFile; fileRef = 5B373BF01BDDC91600A055E0 /* 2.plist */; };
		5B373BF31BDDC91600A055E0 /* 2011102267331457.jpg in Resources */ = {isa = PBXBuildFile; fileRef = 5B373BF11BDDC91600A055E0 /* 2011102267331457.jpg */; };
		5B373BF91BDDCACB00A055E0 /* YXLTagEditorImageView.m in Sources */ = {isa = PBXBuildFile; fileRef = 5B373BF81BDDCACB00A055E0 /* YXLTagEditorImageView.m */; };
		5B6D38691BDE140E0086510E /* YXLWaterFlowImageView.m in Sources */ = {isa = PBXBuildFile; fileRef = 5B6D38681BDE140E0086510E /* YXLWaterFlowImageView.m */; };
		5B6D386C1BDE1CA20086510E /* YXLTagView.m in Sources */ = {isa = PBXBuildFile; fileRef = 5B6D386B1BDE1CA20086510E /* YXLTagView.m */; };
		5B7A2C741BE319AB00C986E1 /* YXLTagVC.m in Sources */ = {isa = PBXBuildFile; fileRef = 5B7A2C731BE319AB00C986E1 /* YXLTagVC.m */; };
		5BCF3D731B91A4DD00A4A981 /* main.m in Sources */ = {isa = PBXBuildFile; fileRef = 5BCF3D721B91A4DD00A4A981 /* main.m */; };
		5BCF3D761B91A4DD00A4A981 /* AppDelegate.m in Sources */ = {isa = PBXBuildFile; fileRef = 5BCF3D751B91A4DD00A4A981 /* AppDelegate.m */; };
		5BCF3D791B91A4DD00A4A981 /* ViewController.m in Sources */ = {isa = PBXBuildFile; fileRef = 5BCF3D781B91A4DD00A4A981 /* ViewController.m */; };
		5BCF3D7C1B91A4DD00A4A981 /* Main.storyboard in Resources */ = {isa = PBXBuildFile; fileRef = 5BCF3D7A1B91A4DD00A4A981 /* Main.storyboard */; };
		5BCF3D7E1B91A4DD00A4A981 /* Images.xcassets in Resources */ = {isa = PBXBuildFile; fileRef = 5BCF3D7D1B91A4DD00A4A981 /* Images.xcassets */; };
		5BCF3D811B91A4DD00A4A981 /* LaunchScreen.xib in Resources */ = {isa = PBXBuildFile; fileRef = 5BCF3D7F1B91A4DD00A4A981 /* LaunchScreen.xib */; };
		5BCF3D8D1B91A4DD00A4A981 /* YXLImageLabelDemoTests.m in Sources */ = {isa = PBXBuildFile; fileRef = 5BCF3D8C1B91A4DD00A4A981 /* YXLImageLabelDemoTests.m */; };
		5BCF3DA71B91A5BC00A4A981 /* pch.m in Sources */ = {isa = PBXBuildFile; fileRef = 5BCF3DA61B91A5BB00A4A981 /* pch.m */; };
		5BCF3DAA1B91A5F500A4A981 /* NSTimer+Addition.m in Sources */ = {isa = PBXBuildFile; fileRef = 5BCF3DA91B91A5F500A4A981 /* NSTimer+Addition.m */; };
		5BCF3DB31B91A6FB00A4A981 /* MiYiTagSearchBarVC.m in Sources */ = {isa = PBXBuildFile; fileRef = 5BCF3DB21B91A6FB00A4A981 /* MiYiTagSearchBarVC.m */; };
/* End PBXBuildFile section */

/* Begin PBXContainerItemProxy section */
		5BCF3D871B91A4DD00A4A981 /* PBXContainerItemProxy */ = {
			isa = PBXContainerItemProxy;
			containerPortal = 5BCF3D651B91A4DD00A4A981 /* Project object */;
			proxyType = 1;
			remoteGlobalIDString = 5BCF3D6C1B91A4DD00A4A981;
			remoteInfo = YXLImageLabelDemo;
		};
/* End PBXContainerItemProxy section */

/* Begin PBXFileReference section */
		5B373BBF1BDDC83100A055E0 /* MASCompositeConstraint.h */ = {isa = PBXFileReference; fileEncoding = 4; lastKnownFileType = sourcecode.c.h; path = MASCompositeConstraint.h; sourceTree = "<group>"; };
		5B373BC01BDDC83100A055E0 /* MASCompositeConstraint.m */ = {isa = PBXFileReference; fileEncoding = 4; lastKnownFileType = sourcecode.c.objc; path = MASCompositeConstraint.m; sourceTree = "<group>"; };
		5B373BC11BDDC83100A055E0 /* MASConstraint+Private.h */ = {isa = PBXFileReference; fileEncoding = 4; lastKnownFileType = sourcecode.c.h; path = "MASConstraint+Private.h"; sourceTree = "<group>"; };
		5B373BC21BDDC83100A055E0 /* MASConstraint.h */ = {isa = PBXFileReference; fileEncoding = 4; lastKnownFileType = sourcecode.c.h; path = MASConstraint.h; sourceTree = "<group>"; };
		5B373BC31BDDC83100A055E0 /* MASConstraint.m */ = {isa = PBXFileReference; fileEncoding = 4; lastKnownFileType = sourcecode.c.objc; path = MASConstraint.m; sourceTree = "<group>"; };
		5B373BC41BDDC83100A055E0 /* MASConstraintMaker.h */ = {isa = PBXFileReference; fileEncoding = 4; lastKnownFileType = sourcecode.c.h; path = MASConstraintMaker.h; sourceTree = "<group>"; };
		5B373BC51BDDC83100A055E0 /* MASConstraintMaker.m */ = {isa = PBXFileReference; fileEncoding = 4; lastKnownFileType = sourcecode.c.objc; path = MASConstraintMaker.m; sourceTree = "<group>"; };
		5B373BC61BDDC83100A055E0 /* MASLayoutConstraint.h */ = {isa = PBXFileReference; fileEncoding = 4; lastKnownFileType = sourcecode.c.h; path = MASLayoutConstraint.h; sourceTree = "<group>"; };
		5B373BC71BDDC83100A055E0 /* MASLayoutConstraint.m */ = {isa = PBXFileReference; fileEncoding = 4; lastKnownFileType = sourcecode.c.objc; path = MASLayoutConstraint.m; sourceTree = "<group>"; };
		5B373BC81BDDC83100A055E0 /* Masonry.h */ = {isa = PBXFileReference; fileEncoding = 4; lastKnownFileType = sourcecode.c.h; path = Masonry.h; sourceTree = "<group>"; };
		5B373BC91BDDC83100A055E0 /* MASUtilities.h */ = {isa = PBXFileReference; fileEncoding = 4; lastKnownFileType = sourcecode.c.h; path = MASUtilities.h; sourceTree = "<group>"; };
		5B373BCA1BDDC83100A055E0 /* MASViewAttribute.h */ = {isa = PBXFileReference; fileEncoding = 4; lastKnownFileType = sourcecode.c.h; path = MASViewAttribute.h; sourceTree = "<group>"; };
		5B373BCB1BDDC83100A055E0 /* MASViewAttribute.m */ = {isa = PBXFileReference; fileEncoding = 4; lastKnownFileType = sourcecode.c.objc; path = MASViewAttribute.m; sourceTree = "<group>"; };
		5B373BCC1BDDC83100A055E0 /* MASViewConstraint.h */ = {isa = PBXFileReference; fileEncoding = 4; lastKnownFileType = sourcecode.c.h; path = MASViewConstraint.h; sourceTree = "<group>"; };
		5B373BCD1BDDC83100A055E0 /* MASViewConstraint.m */ = {isa = PBXFileReference; fileEncoding = 4; lastKnownFileType = sourcecode.c.objc; path = MASViewConstraint.m; sourceTree = "<group>"; };
		5B373BCE1BDDC83100A055E0 /* NSArray+MASAdditions.h */ = {isa = PBXFileReference; fileEncoding = 4; lastKnownFileType = sourcecode.c.h; path = "NSArray+MASAdditions.h"; sourceTree = "<group>"; };
		5B373BCF1BDDC83100A055E0 /* NSArray+MASAdditions.m */ = {isa = PBXFileReference; fileEncoding = 4; lastKnownFileType = sourcecode.c.objc; path = "NSArray+MASAdditions.m"; sourceTree = "<group>"; };
		5B373BD01BDDC83100A055E0 /* NSArray+MASShorthandAdditions.h */ = {isa = PBXFileReference; fileEncoding = 4; lastKnownFileType = sourcecode.c.h; path = "NSArray+MASShorthandAdditions.h"; sourceTree = "<group>"; };
		5B373BD11BDDC83100A055E0 /* NSLayoutConstraint+MASDebugAdditions.h */ = {isa = PBXFileReference; fileEncoding = 4; lastKnownFileType = sourcecode.c.h; path = "NSLayoutConstraint+MASDebugAdditions.h"; sourceTree = "<group>"; };
		5B373BD21BDDC83100A055E0 /* NSLayoutConstraint+MASDebugAdditions.m */ = {isa = PBXFileReference; fileEncoding = 4; lastKnownFileType = sourcecode.c.objc; path = "NSLayoutConstraint+MASDebugAdditions.m"; sourceTree = "<group>"; };
		5B373BD31BDDC83100A055E0 /* View+MASAdditions.h */ = {isa = PBXFileReference; fileEncoding = 4; lastKnownFileType = sourcecode.c.h; path = "View+MASAdditions.h"; sourceTree = "<group>"; };
		5B373BD41BDDC83100A055E0 /* View+MASAdditions.m */ = {isa = PBXFileReference; fileEncoding = 4; lastKnownFileType = sourcecode.c.objc; path = "View+MASAdditions.m"; sourceTree = "<group>"; };
		5B373BD51BDDC83100A055E0 /* View+MASShorthandAdditions.h */ = {isa = PBXFileReference; fileEncoding = 4; lastKnownFileType = sourcecode.c.h; path = "View+MASShorthandAdditions.h"; sourceTree = "<group>"; };
		5B373BD61BDDC83100A055E0 /* ViewController+MASAdditions.h */ = {isa = PBXFileReference; fileEncoding = 4; lastKnownFileType = sourcecode.c.h; path = "ViewController+MASAdditions.h"; sourceTree = "<group>"; };
		5B373BD71BDDC83100A055E0 /* ViewController+MASAdditions.m */ = {isa = PBXFileReference; fileEncoding = 4; lastKnownFileType = sourcecode.c.objc; path = "ViewController+MASAdditions.m"; sourceTree = "<group>"; };
		5B373BE31BDDC8DF00A055E0 /* tagTapIcon@2x.png */ = {isa = PBXFileReference; lastKnownFileType = image.png; path = "tagTapIcon@2x.png"; sourceTree = "<group>"; };
		5B373BE41BDDC8DF00A055E0 /* tagTapIcon@3x.png */ = {isa = PBXFileReference; lastKnownFileType = image.png; path = "tagTapIcon@3x.png"; sourceTree = "<group>"; };
		5B373BE51BDDC8DF00A055E0 /* textTag@2x.png */ = {isa = PBXFileReference; lastKnownFileType = image.png; path = "textTag@2x.png"; sourceTree = "<group>"; };
		5B373BE61BDDC8DF00A055E0 /* textTag@3x.png */ = {isa = PBXFileReference; lastKnownFileType = image.png; path = "textTag@3x.png"; sourceTree = "<group>"; };
		5B373BE71BDDC8DF00A055E0 /* textTagAnti@2x.png */ = {isa = PBXFileReference; lastKnownFileType = image.png; path = "textTagAnti@2x.png"; sourceTree = "<group>"; };
		5B373BE81BDDC8DF00A055E0 /* textTagAnti@3x.png */ = {isa = PBXFileReference; lastKnownFileType = image.png; path = "textTagAnti@3x.png"; sourceTree = "<group>"; };
		5B373BF01BDDC91600A055E0 /* 2.plist */ = {isa = PBXFileReference; fileEncoding = 4; lastKnownFileType = text.plist.xml; path = 2.plist; sourceTree = "<group>"; };
		5B373BF11BDDC91600A055E0 /* 2011102267331457.jpg */ = {isa = PBXFileReference; lastKnownFileType = image.jpeg; path = 2011102267331457.jpg; sourceTree = "<group>"; };
		5B373BF71BDDCACB00A055E0 /* YXLTagEditorImageView.h */ = {isa = PBXFileReference; fileEncoding = 4; lastKnownFileType = sourcecode.c.h; path = YXLTagEditorImageView.h; sourceTree = "<group>"; };
		5B373BF81BDDCACB00A055E0 /* YXLTagEditorImageView.m */ = {isa = PBXFileReference; fileEncoding = 4; lastKnownFileType = sourcecode.c.objc; path = YXLTagEditorImageView.m; sourceTree = "<group>"; };
		5B6D38671BDE140E0086510E /* YXLWaterFlowImageView.h */ = {isa = PBXFileReference; fileEncoding = 4; lastKnownFileType = sourcecode.c.h; path = YXLWaterFlowImageView.h; sourceTree = "<group>"; };
		5B6D38681BDE140E0086510E /* YXLWaterFlowImageView.m */ = {isa = PBXFileReference; fileEncoding = 4; lastKnownFileType = sourcecode.c.objc; path = YXLWaterFlowImageView.m; sourceTree = "<group>"; };
		5B6D386A1BDE1CA20086510E /* YXLTagView.h */ = {isa = PBXFileReference; fileEncoding = 4; lastKnownFileType = sourcecode.c.h; path = YXLTagView.h; sourceTree = "<group>"; };
		5B6D386B1BDE1CA20086510E /* YXLTagView.m */ = {isa = PBXFileReference; fileEncoding = 4; lastKnownFileType = sourcecode.c.objc; path = YXLTagView.m; sourceTree = "<group>"; };
		5B7A2C721BE319AB00C986E1 /* YXLTagVC.h */ = {isa = PBXFileReference; fileEncoding = 4; lastKnownFileType = sourcecode.c.h; path = YXLTagVC.h; sourceTree = "<group>"; };
		5B7A2C731BE319AB00C986E1 /* YXLTagVC.m */ = {isa = PBXFileReference; fileEncoding = 4; lastKnownFileType = sourcecode.c.objc; path = YXLTagVC.m; sourceTree = "<group>"; };
		5BCF3D6D1B91A4DD00A4A981 /* YXLImageLabelDemo.app */ = {isa = PBXFileReference; explicitFileType = wrapper.application; includeInIndex = 0; path = YXLImageLabelDemo.app; sourceTree = BUILT_PRODUCTS_DIR; };
		5BCF3D711B91A4DD00A4A981 /* Info.plist */ = {isa = PBXFileReference; lastKnownFileType = text.plist.xml; path = Info.plist; sourceTree = "<group>"; };
		5BCF3D721B91A4DD00A4A981 /* main.m */ = {isa = PBXFileReference; lastKnownFileType = sourcecode.c.objc; path = main.m; sourceTree = "<group>"; };
		5BCF3D741B91A4DD00A4A981 /* AppDelegate.h */ = {isa = PBXFileReference; lastKnownFileType = sourcecode.c.h; path = AppDelegate.h; sourceTree = "<group>"; };
		5BCF3D751B91A4DD00A4A981 /* AppDelegate.m */ = {isa = PBXFileReference; lastKnownFileType = sourcecode.c.objc; path = AppDelegate.m; sourceTree = "<group>"; };
		5BCF3D771B91A4DD00A4A981 /* ViewController.h */ = {isa = PBXFileReference; lastKnownFileType = sourcecode.c.h; path = ViewController.h; sourceTree = "<group>"; };
		5BCF3D781B91A4DD00A4A981 /* ViewController.m */ = {isa = PBXFileReference; lastKnownFileType = sourcecode.c.objc; path = ViewController.m; sourceTree = "<group>"; };
		5BCF3D7B1B91A4DD00A4A981 /* Base */ = {isa = PBXFileReference; lastKnownFileType = file.storyboard; name = Base; path = Base.lproj/Main.storyboard; sourceTree = "<group>"; };
		5BCF3D7D1B91A4DD00A4A981 /* Images.xcassets */ = {isa = PBXFileReference; lastKnownFileType = folder.assetcatalog; path = Images.xcassets; sourceTree = "<group>"; };
		5BCF3D801B91A4DD00A4A981 /* Base */ = {isa = PBXFileReference; lastKnownFileType = file.xib; name = Base; path = Base.lproj/LaunchScreen.xib; sourceTree = "<group>"; };
		5BCF3D861B91A4DD00A4A981 /* YXLImageLabelDemoTests.xctest */ = {isa = PBXFileReference; explicitFileType = wrapper.cfbundle; includeInIndex = 0; path = YXLImageLabelDemoTests.xctest; sourceTree = BUILT_PRODUCTS_DIR; };
		5BCF3D8B1B91A4DD00A4A981 /* Info.plist */ = {isa = PBXFileReference; lastKnownFileType = text.plist.xml; path = Info.plist; sourceTree = "<group>"; };
		5BCF3D8C1B91A4DD00A4A981 /* YXLImageLabelDemoTests.m */ = {isa = PBXFileReference; lastKnownFileType = sourcecode.c.objc; path = YXLImageLabelDemoTests.m; sourceTree = "<group>"; };
		5BCF3DA51B91A5BB00A4A981 /* pch.h */ = {isa = PBXFileReference; fileEncoding = 4; lastKnownFileType = sourcecode.c.h; path = pch.h; sourceTree = "<group>"; };
		5BCF3DA61B91A5BB00A4A981 /* pch.m */ = {isa = PBXFileReference; fileEncoding = 4; lastKnownFileType = sourcecode.c.objc; path = pch.m; sourceTree = "<group>"; };
		5BCF3DA81B91A5F500A4A981 /* NSTimer+Addition.h */ = {isa = PBXFileReference; fileEncoding = 4; lastKnownFileType = sourcecode.c.h; path = "NSTimer+Addition.h"; sourceTree = "<group>"; };
		5BCF3DA91B91A5F500A4A981 /* NSTimer+Addition.m */ = {isa = PBXFileReference; fileEncoding = 4; lastKnownFileType = sourcecode.c.objc; path = "NSTimer+Addition.m"; sourceTree = "<group>"; };
		5BCF3DB11B91A6FB00A4A981 /* MiYiTagSearchBarVC.h */ = {isa = PBXFileReference; fileEncoding = 4; lastKnownFileType = sourcecode.c.h; path = MiYiTagSearchBarVC.h; sourceTree = "<group>"; };
		5BCF3DB21B91A6FB00A4A981 /* MiYiTagSearchBarVC.m */ = {isa = PBXFileReference; fileEncoding = 4; lastKnownFileType = sourcecode.c.objc; path = MiYiTagSearchBarVC.m; sourceTree = "<group>"; };
/* End PBXFileReference section */

/* Begin PBXFrameworksBuildPhase section */
		5BCF3D6A1B91A4DD00A4A981 /* Frameworks */ = {
			isa = PBXFrameworksBuildPhase;
			buildActionMask = 2147483647;
			files = (
			);
			runOnlyForDeploymentPostprocessing = 0;
		};
		5BCF3D831B91A4DD00A4A981 /* Frameworks */ = {
			isa = PBXFrameworksBuildPhase;
			buildActionMask = 2147483647;
			files = (
			);
			runOnlyForDeploymentPostprocessing = 0;
		};
/* End PBXFrameworksBuildPhase section */

/* Begin PBXGroup section */
		5B373BBE1BDDC83100A055E0 /* Masonry */ = {
			isa = PBXGroup;
			children = (
				5B373BBF1BDDC83100A055E0 /* MASCompositeConstraint.h */,
				5B373BC01BDDC83100A055E0 /* MASCompositeConstraint.m */,
				5B373BC11BDDC83100A055E0 /* MASConstraint+Private.h */,
				5B373BC21BDDC83100A055E0 /* MASConstraint.h */,
				5B373BC31BDDC83100A055E0 /* MASConstraint.m */,
				5B373BC41BDDC83100A055E0 /* MASConstraintMaker.h */,
				5B373BC51BDDC83100A055E0 /* MASConstraintMaker.m */,
				5B373BC61BDDC83100A055E0 /* MASLayoutConstraint.h */,
				5B373BC71BDDC83100A055E0 /* MASLayoutConstraint.m */,
				5B373BC81BDDC83100A055E0 /* Masonry.h */,
				5B373BC91BDDC83100A055E0 /* MASUtilities.h */,
				5B373BCA1BDDC83100A055E0 /* MASViewAttribute.h */,
				5B373BCB1BDDC83100A055E0 /* MASViewAttribute.m */,
				5B373BCC1BDDC83100A055E0 /* MASViewConstraint.h */,
				5B373BCD1BDDC83100A055E0 /* MASViewConstraint.m */,
				5B373BCE1BDDC83100A055E0 /* NSArray+MASAdditions.h */,
				5B373BCF1BDDC83100A055E0 /* NSArray+MASAdditions.m */,
				5B373BD01BDDC83100A055E0 /* NSArray+MASShorthandAdditions.h */,
				5B373BD11BDDC83100A055E0 /* NSLayoutConstraint+MASDebugAdditions.h */,
				5B373BD21BDDC83100A055E0 /* NSLayoutConstraint+MASDebugAdditions.m */,
				5B373BD31BDDC83100A055E0 /* View+MASAdditions.h */,
				5B373BD41BDDC83100A055E0 /* View+MASAdditions.m */,
				5B373BD51BDDC83100A055E0 /* View+MASShorthandAdditions.h */,
				5B373BD61BDDC83100A055E0 /* ViewController+MASAdditions.h */,
				5B373BD71BDDC83100A055E0 /* ViewController+MASAdditions.m */,
			);
			path = Masonry;
			sourceTree = "<group>";
		};
		5B373BE21BDDC8DF00A055E0 /* imageS */ = {
			isa = PBXGroup;
			children = (
				5B373BE31BDDC8DF00A055E0 /* tagTapIcon@2x.png */,
				5B373BE41BDDC8DF00A055E0 /* tagTapIcon@3x.png */,
				5B373BE51BDDC8DF00A055E0 /* textTag@2x.png */,
				5B373BE61BDDC8DF00A055E0 /* textTag@3x.png */,
				5B373BE71BDDC8DF00A055E0 /* textTagAnti@2x.png */,
				5B373BE81BDDC8DF00A055E0 /* textTagAnti@3x.png */,
			);
			path = imageS;
			sourceTree = "<group>";
		};
		5B373BEF1BDDC91600A055E0 /* 测试用的 */ = {
			isa = PBXGroup;
			children = (
				5B373BF01BDDC91600A055E0 /* 2.plist */,
				5B373BF11BDDC91600A055E0 /* 2011102267331457.jpg */,
			);
			path = "测试用的";
			sourceTree = "<group>";
		};
		5BCF3D641B91A4DD00A4A981 = {
			isa = PBXGroup;
			children = (
				5BCF3D6F1B91A4DD00A4A981 /* YXLImageLabelDemo */,
				5BCF3D891B91A4DD00A4A981 /* YXLImageLabelDemoTests */,
				5BCF3D6E1B91A4DD00A4A981 /* Products */,
			);
			sourceTree = "<group>";
		};
		5BCF3D6E1B91A4DD00A4A981 /* Products */ = {
			isa = PBXGroup;
			children = (
				5BCF3D6D1B91A4DD00A4A981 /* YXLImageLabelDemo.app */,
				5BCF3D861B91A4DD00A4A981 /* YXLImageLabelDemoTests.xctest */,
			);
			name = Products;
			sourceTree = "<group>";
		};
		5BCF3D6F1B91A4DD00A4A981 /* YXLImageLabelDemo */ = {
			isa = PBXGroup;
			children = (
				5B373BBE1BDDC83100A055E0 /* Masonry */,
				5BCF3D961B91A53500A4A981 /* ImageLabel */,
				5BCF3D741B91A4DD00A4A981 /* AppDelegate.h */,
				5BCF3D751B91A4DD00A4A981 /* AppDelegate.m */,
				5BCF3D771B91A4DD00A4A981 /* ViewController.h */,
				5BCF3D781B91A4DD00A4A981 /* ViewController.m */,
				5BCF3D7A1B91A4DD00A4A981 /* Main.storyboard */,
				5BCF3D7D1B91A4DD00A4A981 /* Images.xcassets */,
				5BCF3D7F1B91A4DD00A4A981 /* LaunchScreen.xib */,
				5BCF3D701B91A4DD00A4A981 /* Supporting Files */,
			);
			path = YXLImageLabelDemo;
			sourceTree = "<group>";
		};
		5BCF3D701B91A4DD00A4A981 /* Supporting Files */ = {
			isa = PBXGroup;
			children = (
				5BCF3D711B91A4DD00A4A981 /* Info.plist */,
				5BCF3D721B91A4DD00A4A981 /* main.m */,
			);
			name = "Supporting Files";
			sourceTree = "<group>";
		};
		5BCF3D891B91A4DD00A4A981 /* YXLImageLabelDemoTests */ = {
			isa = PBXGroup;
			children = (
				5BCF3D8C1B91A4DD00A4A981 /* YXLImageLabelDemoTests.m */,
				5BCF3D8A1B91A4DD00A4A981 /* Supporting Files */,
			);
			path = YXLImageLabelDemoTests;
			sourceTree = "<group>";
		};
		5BCF3D8A1B91A4DD00A4A981 /* Supporting Files */ = {
			isa = PBXGroup;
			children = (
				5BCF3D8B1B91A4DD00A4A981 /* Info.plist */,
			);
			name = "Supporting Files";
			sourceTree = "<group>";
		};
		5BCF3D961B91A53500A4A981 /* ImageLabel */ = {
			isa = PBXGroup;
			children = (
				5B373BEF1BDDC91600A055E0 /* 测试用的 */,
				5B373BE21BDDC8DF00A055E0 /* imageS */,
				5BCF3DB11B91A6FB00A4A981 /* MiYiTagSearchBarVC.h */,
				5BCF3DB21B91A6FB00A4A981 /* MiYiTagSearchBarVC.m */,
				5BCF3DA81B91A5F500A4A981 /* NSTimer+Addition.h */,
				5BCF3DA91B91A5F500A4A981 /* NSTimer+Addition.m */,
				5BCF3DA51B91A5BB00A4A981 /* pch.h */,
				5BCF3DA61B91A5BB00A4A981 /* pch.m */,
				5B373BF71BDDCACB00A055E0 /* YXLTagEditorImageView.h */,
				5B373BF81BDDCACB00A055E0 /* YXLTagEditorImageView.m */,
				5B6D38671BDE140E0086510E /* YXLWaterFlowImageView.h */,
				5B6D38681BDE140E0086510E /* YXLWaterFlowImageView.m */,
				5B6D386A1BDE1CA20086510E /* YXLTagView.h */,
				5B6D386B1BDE1CA20086510E /* YXLTagView.m */,
				5B7A2C721BE319AB00C986E1 /* YXLTagVC.h */,
				5B7A2C731BE319AB00C986E1 /* YXLTagVC.m */,
			);
			path = ImageLabel;
			sourceTree = "<group>";
		};
/* End PBXGroup section */

/* Begin PBXNativeTarget section */
		5BCF3D6C1B91A4DD00A4A981 /* YXLImageLabelDemo */ = {
			isa = PBXNativeTarget;
			buildConfigurationList = 5BCF3D901B91A4DD00A4A981 /* Build configuration list for PBXNativeTarget "YXLImageLabelDemo" */;
			buildPhases = (
				5BCF3D691B91A4DD00A4A981 /* Sources */,
				5BCF3D6A1B91A4DD00A4A981 /* Frameworks */,
				5BCF3D6B1B91A4DD00A4A981 /* Resources */,
			);
			buildRules = (
			);
			dependencies = (
			);
			name = YXLImageLabelDemo;
			productName = YXLImageLabelDemo;
			productReference = 5BCF3D6D1B91A4DD00A4A981 /* YXLImageLabelDemo.app */;
			productType = "com.apple.product-type.application";
		};
		5BCF3D851B91A4DD00A4A981 /* YXLImageLabelDemoTests */ = {
			isa = PBXNativeTarget;
			buildConfigurationList = 5BCF3D931B91A4DD00A4A981 /* Build configuration list for PBXNativeTarget "YXLImageLabelDemoTests" */;
			buildPhases = (
				5BCF3D821B91A4DD00A4A981 /* Sources */,
				5BCF3D831B91A4DD00A4A981 /* Frameworks */,
				5BCF3D841B91A4DD00A4A981 /* Resources */,
			);
			buildRules = (
			);
			dependencies = (
				5BCF3D881B91A4DD00A4A981 /* PBXTargetDependency */,
			);
			name = YXLImageLabelDemoTests;
			productName = YXLImageLabelDemoTests;
			productReference = 5BCF3D861B91A4DD00A4A981 /* YXLImageLabelDemoTests.xctest */;
			productType = "com.apple.product-type.bundle.unit-test";
		};
/* End PBXNativeTarget section */

/* Begin PBXProject section */
		5BCF3D651B91A4DD00A4A981 /* Project object */ = {
			isa = PBXProject;
			attributes = {
				LastUpgradeCheck = 0640;
				ORGANIZATIONNAME = "叶星龙";
				TargetAttributes = {
					5BCF3D6C1B91A4DD00A4A981 = {
						CreatedOnToolsVersion = 6.4;
					};
					5BCF3D851B91A4DD00A4A981 = {
						CreatedOnToolsVersion = 6.4;
						TestTargetID = 5BCF3D6C1B91A4DD00A4A981;
					};
				};
			};
			buildConfigurationList = 5BCF3D681B91A4DD00A4A981 /* Build configuration list for PBXProject "YXLImageLabelDemo" */;
			compatibilityVersion = "Xcode 3.2";
			developmentRegion = English;
			hasScannedForEncodings = 0;
			knownRegions = (
				en,
				Base,
			);
			mainGroup = 5BCF3D641B91A4DD00A4A981;
			productRefGroup = 5BCF3D6E1B91A4DD00A4A981 /* Products */;
			projectDirPath = "";
			projectRoot = "";
			targets = (
				5BCF3D6C1B91A4DD00A4A981 /* YXLImageLabelDemo */,
				5BCF3D851B91A4DD00A4A981 /* YXLImageLabelDemoTests */,
			);
		};
/* End PBXProject section */

/* Begin PBXResourcesBuildPhase section */
		5BCF3D6B1B91A4DD00A4A981 /* Resources */ = {
			isa = PBXResourcesBuildPhase;
			buildActionMask = 2147483647;
			files = (
				5BCF3D7C1B91A4DD00A4A981 /* Main.storyboard in Resources */,
				5B373BED1BDDC8DF00A055E0 /* textTagAnti@2x.png in Resources */,
				5B373BF21BDDC91600A055E0 /* 2.plist in Resources */,
				5BCF3D811B91A4DD00A4A981 /* LaunchScreen.xib in Resources */,
				5B373BEB1BDDC8DF00A055E0 /* textTag@2x.png in Resources */,
				5B373BE91BDDC8DF00A055E0 /* tagTapIcon@2x.png in Resources */,
				5B373BEE1BDDC8DF00A055E0 /* textTagAnti@3x.png in Resources */,
				5B373BEC1BDDC8DF00A055E0 /* textTag@3x.png in Resources */,
				5B373BF31BDDC91600A055E0 /* 2011102267331457.jpg in Resources */,
				5B373BEA1BDDC8DF00A055E0 /* tagTapIcon@3x.png in Resources */,
				5BCF3D7E1B91A4DD00A4A981 /* Images.xcassets in Resources */,
			);
			runOnlyForDeploymentPostprocessing = 0;
		};
		5BCF3D841B91A4DD00A4A981 /* Resources */ = {
			isa = PBXResourcesBuildPhase;
			buildActionMask = 2147483647;
			files = (
			);
			runOnlyForDeploymentPostprocessing = 0;
		};
/* End PBXResourcesBuildPhase section */

/* Begin PBXSourcesBuildPhase section */
		5BCF3D691B91A4DD00A4A981 /* Sources */ = {
			isa = PBXSourcesBuildPhase;
			buildActionMask = 2147483647;
			files = (
				5B373BE01BDDC83100A055E0 /* View+MASAdditions.m in Sources */,
				5BCF3D791B91A4DD00A4A981 /* ViewController.m in Sources */,
				5BCF3D761B91A4DD00A4A981 /* AppDelegate.m in Sources */,
				5BCF3D731B91A4DD00A4A981 /* main.m in Sources */,
				5BCF3DB31B91A6FB00A4A981 /* MiYiTagSearchBarVC.m in Sources */,
				5B373BF91BDDCACB00A055E0 /* YXLTagEditorImageView.m in Sources */,
				5BCF3DA71B91A5BC00A4A981 /* pch.m in Sources */,
				5B373BE11BDDC83100A055E0 /* ViewController+MASAdditions.m in Sources */,
				5B373BDC1BDDC83100A055E0 /* MASViewAttribute.m in Sources */,
				5B373BD81BDDC83100A055E0 /* MASCompositeConstraint.m in Sources */,
				5B373BDA1BDDC83100A055E0 /* MASConstraintMaker.m in Sources */,
				5B373BD91BDDC83100A055E0 /* MASConstraint.m in Sources */,
				5B7A2C741BE319AB00C986E1 /* YXLTagVC.m in Sources */,
				5B373BDF1BDDC83100A055E0 /* NSLayoutConstraint+MASDebugAdditions.m in Sources */,
				5B373BDB1BDDC83100A055E0 /* MASLayoutConstraint.m in Sources */,
				5B373BDE1BDDC83100A055E0 /* NSArray+MASAdditions.m in Sources */,
				5B6D38691BDE140E0086510E /* YXLWaterFlowImageView.m in Sources */,
				5BCF3DAA1B91A5F500A4A981 /* NSTimer+Addition.m in Sources */,
				5B373BDD1BDDC83100A055E0 /* MASViewConstraint.m in Sources */,
				5B6D386C1BDE1CA20086510E /* YXLTagView.m in Sources */,
			);
			runOnlyForDeploymentPostprocessing = 0;
		};
		5BCF3D821B91A4DD00A4A981 /* Sources */ = {
			isa = PBXSourcesBuildPhase;
			buildActionMask = 2147483647;
			files = (
				5BCF3D8D1B91A4DD00A4A981 /* YXLImageLabelDemoTests.m in Sources */,
			);
			runOnlyForDeploymentPostprocessing = 0;
		};
/* End PBXSourcesBuildPhase section */

/* Begin PBXTargetDependency section */
		5BCF3D881B91A4DD00A4A981 /* PBXTargetDependency */ = {
			isa = PBXTargetDependency;
			target = 5BCF3D6C1B91A4DD00A4A981 /* YXLImageLabelDemo */;
			targetProxy = 5BCF3D871B91A4DD00A4A981 /* PBXContainerItemProxy */;
		};
/* End PBXTargetDependency section */

/* Begin PBXVariantGroup section */
		5BCF3D7A1B91A4DD00A4A981 /* Main.storyboard */ = {
			isa = PBXVariantGroup;
			children = (
				5BCF3D7B1B91A4DD00A4A981 /* Base */,
			);
			name = Main.storyboard;
			sourceTree = "<group>";
		};
		5BCF3D7F1B91A4DD00A4A981 /* LaunchScreen.xib */ = {
			isa = PBXVariantGroup;
			children = (
				5BCF3D801B91A4DD00A4A981 /* Base */,
			);
			name = LaunchScreen.xib;
			sourceTree = "<group>";
		};
/* End PBXVariantGroup section */

/* Begin XCBuildConfiguration section */
		5BCF3D8E1B91A4DD00A4A981 /* Debug */ = {
			isa = XCBuildConfiguration;
			buildSettings = {
				ALWAYS_SEARCH_USER_PATHS = NO;
				CLANG_CXX_LANGUAGE_STANDARD = "gnu++0x";
				CLANG_CXX_LIBRARY = "libc++";
				CLANG_ENABLE_MODULES = YES;
				CLANG_ENABLE_OBJC_ARC = YES;
				CLANG_WARN_BOOL_CONVERSION = YES;
				CLANG_WARN_CONSTANT_CONVERSION = YES;
				CLANG_WARN_DIRECT_OBJC_ISA_USAGE = YES_ERROR;
				CLANG_WARN_EMPTY_BODY = YES;
				CLANG_WARN_ENUM_CONVERSION = YES;
				CLANG_WARN_INT_CONVERSION = YES;
				CLANG_WARN_OBJC_ROOT_CLASS = YES_ERROR;
				CLANG_WARN_UNREACHABLE_CODE = YES;
				CLANG_WARN__DUPLICATE_METHOD_MATCH = YES;
				"CODE_SIGN_IDENTITY[sdk=iphoneos*]" = "iPhone Developer";
				COPY_PHASE_STRIP = NO;
				DEBUG_INFORMATION_FORMAT = "dwarf-with-dsym";
				ENABLE_STRICT_OBJC_MSGSEND = YES;
				GCC_C_LANGUAGE_STANDARD = gnu99;
				GCC_DYNAMIC_NO_PIC = NO;
				GCC_NO_COMMON_BLOCKS = YES;
				GCC_OPTIMIZATION_LEVEL = 0;
				GCC_PREPROCESSOR_DEFINITIONS = (
					"DEBUG=1",
					"$(inherited)",
				);
				GCC_SYMBOLS_PRIVATE_EXTERN = NO;
				GCC_WARN_64_TO_32_BIT_CONVERSION = YES;
				GCC_WARN_ABOUT_RETURN_TYPE = YES_ERROR;
				GCC_WARN_UNDECLARED_SELECTOR = YES;
				GCC_WARN_UNINITIALIZED_AUTOS = YES_AGGRESSIVE;
				GCC_WARN_UNUSED_FUNCTION = YES;
				GCC_WARN_UNUSED_VARIABLE = YES;
				IPHONEOS_DEPLOYMENT_TARGET = 8.4;
				MTL_ENABLE_DEBUG_INFO = YES;
				ONLY_ACTIVE_ARCH = YES;
				SDKROOT = iphoneos;
			};
			name = Debug;
		};
		5BCF3D8F1B91A4DD00A4A981 /* Release */ = {
			isa = XCBuildConfiguration;
			buildSettings = {
				ALWAYS_SEARCH_USER_PATHS = NO;
				CLANG_CXX_LANGUAGE_STANDARD = "gnu++0x";
				CLANG_CXX_LIBRARY = "libc++";
				CLANG_ENABLE_MODULES = YES;
				CLANG_ENABLE_OBJC_ARC = YES;
				CLANG_WARN_BOOL_CONVERSION = YES;
				CLANG_WARN_CONSTANT_CONVERSION = YES;
				CLANG_WARN_DIRECT_OBJC_ISA_USAGE = YES_ERROR;
				CLANG_WARN_EMPTY_BODY = YES;
				CLANG_WARN_ENUM_CONVERSION = YES;
				CLANG_WARN_INT_CONVERSION = YES;
				CLANG_WARN_OBJC_ROOT_CLASS = YES_ERROR;
				CLANG_WARN_UNREACHABLE_CODE = YES;
				CLANG_WARN__DUPLICATE_METHOD_MATCH = YES;
				"CODE_SIGN_IDENTITY[sdk=iphoneos*]" = "iPhone Developer";
				COPY_PHASE_STRIP = NO;
				DEBUG_INFORMATION_FORMAT = "dwarf-with-dsym";
				ENABLE_NS_ASSERTIONS = NO;
				ENABLE_STRICT_OBJC_MSGSEND = YES;
				GCC_C_LANGUAGE_STANDARD = gnu99;
				GCC_NO_COMMON_BLOCKS = YES;
				GCC_WARN_64_TO_32_BIT_CONVERSION = YES;
				GCC_WARN_ABOUT_RETURN_TYPE = YES_ERROR;
				GCC_WARN_UNDECLARED_SELECTOR = YES;
				GCC_WARN_UNINITIALIZED_AUTOS = YES_AGGRESSIVE;
				GCC_WARN_UNUSED_FUNCTION = YES;
				GCC_WARN_UNUSED_VARIABLE = YES;
				IPHONEOS_DEPLOYMENT_TARGET = 8.4;
				MTL_ENABLE_DEBUG_INFO = NO;
				SDKROOT = iphoneos;
				VALIDATE_PRODUCT = YES;
			};
			name = Release;
		};
		5BCF3D911B91A4DD00A4A981 /* Debug */ = {
			isa = XCBuildConfiguration;
			buildSettings = {
				ASSETCATALOG_COMPILER_APPICON_NAME = AppIcon;
				INFOPLIST_FILE = YXLImageLabelDemo/Info.plist;
				LD_RUNPATH_SEARCH_PATHS = "$(inherited) @executable_path/Frameworks";
				PRODUCT_NAME = "$(TARGET_NAME)";
			};
			name = Debug;
		};
		5BCF3D921B91A4DD00A4A981 /* Release */ = {
			isa = XCBuildConfiguration;
			buildSettings = {
				ASSETCATALOG_COMPILER_APPICON_NAME = AppIcon;
				INFOPLIST_FILE = YXLImageLabelDemo/Info.plist;
				LD_RUNPATH_SEARCH_PATHS = "$(inherited) @executable_path/Frameworks";
				PRODUCT_NAME = "$(TARGET_NAME)";
			};
			name = Release;
		};
		5BCF3D941B91A4DD00A4A981 /* Debug */ = {
			isa = XCBuildConfiguration;
			buildSettings = {
				BUNDLE_LOADER = "$(TEST_HOST)";
				FRAMEWORK_SEARCH_PATHS = (
					"$(SDKROOT)/Developer/Library/Frameworks",
					"$(inherited)",
				);
				GCC_PREPROCESSOR_DEFINITIONS = (
					"DEBUG=1",
					"$(inherited)",
				);
				INFOPLIST_FILE = YXLImageLabelDemoTests/Info.plist;
				LD_RUNPATH_SEARCH_PATHS = "$(inherited) @executable_path/Frameworks @loader_path/Frameworks";
				PRODUCT_NAME = "$(TARGET_NAME)";
				TEST_HOST = "$(BUILT_PRODUCTS_DIR)/YXLImageLabelDemo.app/YXLImageLabelDemo";
			};
			name = Debug;
		};
		5BCF3D951B91A4DD00A4A981 /* Release */ = {
			isa = XCBuildConfiguration;
			buildSettings = {
				BUNDLE_LOADER = "$(TEST_HOST)";
				FRAMEWORK_SEARCH_PATHS = (
					"$(SDKROOT)/Developer/Library/Frameworks",
					"$(inherited)",
				);
				INFOPLIST_FILE = YXLImageLabelDemoTests/Info.plist;
				LD_RUNPATH_SEARCH_PATHS = "$(inherited) @executable_path/Frameworks @loader_path/Frameworks";
				PRODUCT_NAME = "$(TARGET_NAME)";
				TEST_HOST = "$(BUILT_PRODUCTS_DIR)/YXLImageLabelDemo.app/YXLImageLabelDemo";
			};
			name = Release;
		};
/* End XCBuildConfiguration section */

/* Begin XCConfigurationList section */
		5BCF3D681B91A4DD00A4A981 /* Build configuration list for PBXProject "YXLImageLabelDemo" */ = {
			isa = XCConfigurationList;
			buildConfigurations = (
				5BCF3D8E1B91A4DD00A4A981 /* Debug */,
				5BCF3D8F1B91A4DD00A4A981 /* Release */,
			);
			defaultConfigurationIsVisible = 0;
			defaultConfigurationName = Release;
		};
		5BCF3D901B91A4DD00A4A981 /* Build configuration list for PBXNativeTarget "YXLImageLabelDemo" */ = {
			isa = XCConfigurationList;
			buildConfigurations = (
				5BCF3D911B91A4DD00A4A981 /* Debug */,
				5BCF3D921B91A4DD00A4A981 /* Release */,
			);
			defaultConfigurationIsVisible = 0;
			defaultConfigurationName = Release;
		};
		5BCF3D931B91A4DD00A4A981 /* Build configuration list for PBXNativeTarget "YXLImageLabelDemoTests" */ = {
			isa = XCConfigurationList;
			buildConfigurations = (
				5BCF3D941B91A4DD00A4A981 /* Debug */,
				5BCF3D951B91A4DD00A4A981 /* Release */,
			);
			defaultConfigurationIsVisible = 0;
			defaultConfigurationName = Release;
		};
/* End XCConfigurationList section */
	};
	rootObject = 5BCF3D651B91A4DD00A4A981 /* Project object */;
}
